
Microsoft Visual Studio Solution File, Format Version 12.00
# Visual Studio 14
VisualStudioVersion = 14.0.25123.0
MinimumVisualStudioVersion = 10.0.40219.1
Project("{00B54E9A-EFA0-46B9-B2EF-B7C3CD861E08}") = "Sitecore.Support.125739", "Sitecore.Support.125739\Sitecore.Support.125739.csproj", "{BDD0A02E-2A13-4A59-BFEB-A0B1DBED76A6}"
EndProject
Global
	GlobalSection(SolutionConfigurationPlatforms) = preSolution
		Debug|Any CPU = Debug|Any CPU
		Release|Any CPU = Release|Any CPU
	EndGlobalSection
	GlobalSection(ProjectConfigurationPlatforms) = postSolution
		{BDD0A02E-2A13-4A59-BFEB-A0B1DBED76A6}.Debug|Any CPU.ActiveCfg = Debug|Any CPU
		{BDD0A02E-2A13-4A59-BFEB-A0B1DBED76A6}.Debug|Any CPU.Build.0 = Debug|Any CPU
		{BDD0A02E-2A13-4A59-BFEB-A0B1DBED76A6}.Release|Any CPU.ActiveCfg = Release|Any CPU
		{BDD0A02E-2A13-4A59-BFEB-A0B1DBED76A6}.Release|Any CPU.Build.0 = Release|Any CPU
	EndGlobalSection
	GlobalSection(SolutionProperties) = preSolution
		HideSolutionNode = FALSE
	EndGlobalSection
EndGlobal
